
Microsoft Visual Studio Solution File, Format Version 12.00
# Visual Studio 2013
VisualStudioVersion = 12.0.21005.1
MinimumVisualStudioVersion = 10.0.40219.1
Project("{FAE04EC0-301F-11D3-BF4B-00C04F79EFBC}") = "Skeptic.Core", "Skeptic.Core\Skeptic.Core.csproj", "{9F6D7F77-704A-4335-88FB-8E0B16E673D5}"
EndProject
Project("{FAE04EC0-301F-11D3-BF4B-00C04F79EFBC}") = "Skeptic.Rules", "Skeptic.Rules\Skeptic.Rules.csproj", "{E931CD27-315C-4A50-891F-59A3DF8FCD79}"
EndProject
Project("{FAE04EC0-301F-11D3-BF4B-00C04F79EFBC}") = "Skeptic.Console", "Skeptic.Console\Skeptic.Console.csproj", "{7556BC77-C836-4D30-8185-32556DF4EDCF}"
EndProject
Project("{FAE04EC0-301F-11D3-BF4B-00C04F79EFBC}") = "Common", "Common\Common.csproj", "{0B8766EC-F9A3-4685-BD3A-39E627690FC1}"
EndProject
Project("{FAE04EC0-301F-11D3-BF4B-00C04F79EFBC}") = "Skeptic.Abstraction", "Skeptic.Abstraction\Skeptic.Abstraction.csproj", "{B2DD7625-C1CA-4925-BC29-E1E94E686E3D}"
EndProject
Project("{FAE04EC0-301F-11D3-BF4B-00C04F79EFBC}") = "Skeptic.Model", "Skeptic.Model\Skeptic.Model.csproj", "{3A24CE3B-9325-4903-A08B-7AEBA65AF6A8}"
EndProject
Project("{2150E333-8FDC-42A3-9474-1A3956D46DE8}") = "Diagrams", "Diagrams", "{4EEC7401-DB21-40C4-8BD3-42938E57CF01}"
	ProjectSection(SolutionItems) = preProject
		DependenciesDiagram.dgml = DependenciesDiagram.dgml
	EndProjectSection
EndProject
Global
	GlobalSection(SolutionConfigurationPlatforms) = preSolution
		Debug|Any CPU = Debug|Any CPU
		Release|Any CPU = Release|Any CPU
	EndGlobalSection
	GlobalSection(ProjectConfigurationPlatforms) = postSolution
		{9F6D7F77-704A-4335-88FB-8E0B16E673D5}.Debug|Any CPU.ActiveCfg = Debug|Any CPU
		{9F6D7F77-704A-4335-88FB-8E0B16E673D5}.Debug|Any CPU.Build.0 = Debug|Any CPU
		{9F6D7F77-704A-4335-88FB-8E0B16E673D5}.Release|Any CPU.ActiveCfg = Release|Any CPU
		{9F6D7F77-704A-4335-88FB-8E0B16E673D5}.Release|Any CPU.Build.0 = Release|Any CPU
		{E931CD27-315C-4A50-891F-59A3DF8FCD79}.Debug|Any CPU.ActiveCfg = Debug|Any CPU
		{E931CD27-315C-4A50-891F-59A3DF8FCD79}.Debug|Any CPU.Build.0 = Debug|Any CPU
		{E931CD27-315C-4A50-891F-59A3DF8FCD79}.Release|Any CPU.ActiveCfg = Release|Any CPU
		{E931CD27-315C-4A50-891F-59A3DF8FCD79}.Release|Any CPU.Build.0 = Release|Any CPU
		{7556BC77-C836-4D30-8185-32556DF4EDCF}.Debug|Any CPU.ActiveCfg = Debug|Any CPU
		{7556BC77-C836-4D30-8185-32556DF4EDCF}.Debug|Any CPU.Build.0 = Debug|Any CPU
		{7556BC77-C836-4D30-8185-32556DF4EDCF}.Release|Any CPU.ActiveCfg = Release|Any CPU
		{7556BC77-C836-4D30-8185-32556DF4EDCF}.Release|Any CPU.Build.0 = Release|Any CPU
		{0B8766EC-F9A3-4685-BD3A-39E627690FC1}.Debug|Any CPU.ActiveCfg = Debug|Any CPU
		{0B8766EC-F9A3-4685-BD3A-39E627690FC1}.Debug|Any CPU.Build.0 = Debug|Any CPU
		{0B8766EC-F9A3-4685-BD3A-39E627690FC1}.Release|Any CPU.ActiveCfg = Release|Any CPU
		{0B8766EC-F9A3-4685-BD3A-39E627690FC1}.Release|Any CPU.Build.0 = Release|Any CPU
		{B2DD7625-C1CA-4925-BC29-E1E94E686E3D}.Debug|Any CPU.ActiveCfg = Debug|Any CPU
		{B2DD7625-C1CA-4925-BC29-E1E94E686E3D}.Debug|Any CPU.Build.0 = Debug|Any CPU
		{B2DD7625-C1CA-4925-BC29-E1E94E686E3D}.Release|Any CPU.ActiveCfg = Release|Any CPU
		{B2DD7625-C1CA-4925-BC29-E1E94E686E3D}.Release|Any CPU.Build.0 = Release|Any CPU
		{3A24CE3B-9325-4903-A08B-7AEBA65AF6A8}.Debug|Any CPU.ActiveCfg = Debug|Any CPU
		{3A24CE3B-9325-4903-A08B-7AEBA65AF6A8}.Debug|Any CPU.Build.0 = Debug|Any CPU
		{3A24CE3B-9325-4903-A08B-7AEBA65AF6A8}.Release|Any CPU.ActiveCfg = Release|Any CPU
		{3A24CE3B-9325-4903-A08B-7AEBA65AF6A8}.Release|Any CPU.Build.0 = Release|Any CPU
	EndGlobalSection
	GlobalSection(SolutionProperties) = preSolution
		HideSolutionNode = FALSE
	EndGlobalSection
EndGlobal
